// !$*UTF8*$!
{
	archiveVersion = 1;
	classes = {
	};
	objectVersion = 46;
	objects = {

/* Begin PBXBuildFile section */
		03EDC13216D094570081C235 /* totemicon.png in Resources */ = {isa = PBXBuildFile; fileRef = 03EDC13116D094570081C235 /* totemicon.png */; };
		03EDC13416D094620081C235 /* Default.png in Resources */ = {isa = PBXBuildFile; fileRef = 03EDC13316D094620081C235 /* Default.png */; };
		03EDC13916D096F50081C235 /* Default-568h@2x.png in Resources */ = {isa = PBXBuildFile; fileRef = 03EDC13716D0965A0081C235 /* Default-568h@2x.png */; };
		03EDC13B16D098630081C235 /* Default@2x.png in Resources */ = {isa = PBXBuildFile; fileRef = 03EDC13A16D098630081C235 /* Default@2x.png */; };
		03EDC13F16D09BA40081C235 /* bg-568@2x.png in Resources */ = {isa = PBXBuildFile; fileRef = 03EDC13C16D09BA30081C235 /* bg-568@2x.png */; };
		03EDC14016D09BA40081C235 /* bg@2x.png in Resources */ = {isa = PBXBuildFile; fileRef = 03EDC13D16D09BA30081C235 /* bg@2x.png */; };
		03EDC14116D09BA40081C235 /* justhead.png in Resources */ = {isa = PBXBuildFile; fileRef = 03EDC13E16D09BA40081C235 /* justhead.png */; };
		03EDC14916D09F580081C235 /* bardark.png in Resources */ = {isa = PBXBuildFile; fileRef = 03EDC14616D09F580081C235 /* bardark.png */; };
		03EDC14A16D09F580081C235 /* barhandle.png in Resources */ = {isa = PBXBuildFile; fileRef = 03EDC14716D09F580081C235 /* barhandle.png */; };
		03EDC14B16D09F580081C235 /* barlight.png in Resources */ = {isa = PBXBuildFile; fileRef = 03EDC14816D09F580081C235 /* barlight.png */; };
		03EDC14D16D0FBB00081C235 /* sleep-586@2x.png in Resources */ = {isa = PBXBuildFile; fileRef = 03EDC14C16D0FBB00081C235 /* sleep-586@2x.png */; };
		03EDC15016D0FDE20081C235 /* buttonsleepnotpressed.png in Resources */ = {isa = PBXBuildFile; fileRef = 03EDC14E16D0FDE20081C235 /* buttonsleepnotpressed.png */; };
		03EDC15116D0FDE20081C235 /* buttonsleeppressed.png in Resources */ = {isa = PBXBuildFile; fileRef = 03EDC14F16D0FDE20081C235 /* buttonsleeppressed.png */; };
		03EDC15416D0FE3A0081C235 /* buttonimawakenotpressed.png in Resources */ = {isa = PBXBuildFile; fileRef = 03EDC15216D0FE3A0081C235 /* buttonimawakenotpressed.png */; };
		03EDC15516D0FE3A0081C235 /* buttonimawakepressed.png in Resources */ = {isa = PBXBuildFile; fileRef = 03EDC15316D0FE3A0081C235 /* buttonimawakepressed.png */; };
		03EDC15C16D1001A0081C235 /* evernote.png in Resources */ = {isa = PBXBuildFile; fileRef = 03EDC15616D100190081C235 /* evernote.png */; };
		03EDC15D16D1001A0081C235 /* flying.png in Resources */ = {isa = PBXBuildFile; fileRef = 03EDC15716D100190081C235 /* flying.png */; };
		03EDC15E16D1001A0081C235 /* rem2.png in Resources */ = {isa = PBXBuildFile; fileRef = 03EDC15816D100190081C235 /* rem2.png */; };
		03EDC15F16D1001A0081C235 /* sleep.png in Resources */ = {isa = PBXBuildFile; fileRef = 03EDC15916D1001A0081C235 /* sleep.png */; };
		03EDC16016D1001A0081C235 /* triggerlevel.png in Resources */ = {isa = PBXBuildFile; fileRef = 03EDC15A16D1001A0081C235 /* triggerlevel.png */; };
		03EDC16116D1001A0081C235 /* wakeup.png in Resources */ = {isa = PBXBuildFile; fileRef = 03EDC15B16D1001A0081C235 /* wakeup.png */; };
		03EDC16416D101A50081C235 /* buttoninstdonenotpressed.png in Resources */ = {isa = PBXBuildFile; fileRef = 03EDC16216D101A50081C235 /* buttoninstdonenotpressed.png */; };
		03EDC16516D101A50081C235 /* buttoninstdonepressed.png in Resources */ = {isa = PBXBuildFile; fileRef = 03EDC16316D101A50081C235 /* buttoninstdonepressed.png */; };
		03EDC16716D10DDE0081C235 /* howitworks.png in Resources */ = {isa = PBXBuildFile; fileRef = 03EDC16616D10DDE0081C235 /* howitworks.png */; };
		03EDC16916D11BA10081C235 /* AVFoundation.framework in Frameworks */ = {isa = PBXBuildFile; fileRef = 03EDC16816D11BA10081C235 /* AVFoundation.framework */; };
		03EDC16B16D11C600081C235 /* Non, Je Ne Regrette Rien.mp3 in Resources */ = {isa = PBXBuildFile; fileRef = 03EDC16A16D11C600081C235 /* Non, Je Ne Regrette Rien.mp3 */; };
		03EDC16D16D12A0F0081C235 /* totemlogo.png in Resources */ = {isa = PBXBuildFile; fileRef = 03EDC16C16D12A0F0081C235 /* totemlogo.png */; };
		03EDC16F16D13ABA0081C235 /* MediaPlayer.framework in Frameworks */ = {isa = PBXBuildFile; fileRef = 03EDC16E16D13AB90081C235 /* MediaPlayer.framework */; };
		5EBB66EA16D017260088C9A7 /* UIKit.framework in Frameworks */ = {isa = PBXBuildFile; fileRef = 5EBB66E916D017260088C9A7 /* UIKit.framework */; };
		5EBB66EC16D017260088C9A7 /* Foundation.framework in Frameworks */ = {isa = PBXBuildFile; fileRef = 5EBB66EB16D017260088C9A7 /* Foundation.framework */; };
		5EBB66EE16D017260088C9A7 /* CoreGraphics.framework in Frameworks */ = {isa = PBXBuildFile; fileRef = 5EBB66ED16D017260088C9A7 /* CoreGraphics.framework */; };
		5EBB66F416D017260088C9A7 /* InfoPlist.strings in Resources */ = {isa = PBXBuildFile; fileRef = 5EBB66F216D017260088C9A7 /* InfoPlist.strings */; };
		5EBB66F616D017260088C9A7 /* main.m in Sources */ = {isa = PBXBuildFile; fileRef = 5EBB66F516D017260088C9A7 /* main.m */; };
		5EBB66FA16D017260088C9A7 /* TotemAppDelegate.m in Sources */ = {isa = PBXBuildFile; fileRef = 5EBB66F916D017260088C9A7 /* TotemAppDelegate.m */; };
		5EBB670316D017270088C9A7 /* MainStoryboard.storyboard in Resources */ = {isa = PBXBuildFile; fileRef = 5EBB670116D017270088C9A7 /* MainStoryboard.storyboard */; };
		5EBB670616D017270088C9A7 /* TotemViewController.m in Sources */ = {isa = PBXBuildFile; fileRef = 5EBB670516D017270088C9A7 /* TotemViewController.m */; };
		5EBB670E16D018300088C9A7 /* SleepViewController.m in Sources */ = {isa = PBXBuildFile; fileRef = 5EBB670D16D018300088C9A7 /* SleepViewController.m */; };
		5EBB671116D018B40088C9A7 /* DreamViewController.m in Sources */ = {isa = PBXBuildFile; fileRef = 5EBB671016D018B40088C9A7 /* DreamViewController.m */; };
		5EBB671416D01CCD0088C9A7 /* InstructionViewController.m in Sources */ = {isa = PBXBuildFile; fileRef = 5EBB671316D01CCD0088C9A7 /* InstructionViewController.m */; };
		5EBB67E016D040F90088C9A7 /* Security.framework in Frameworks */ = {isa = PBXBuildFile; fileRef = 5EBB67DF16D040F90088C9A7 /* Security.framework */; };
		5EBB683A16D045730088C9A7 /* ENGCOAuth.m in Sources */ = {isa = PBXBuildFile; fileRef = 5EBB67E516D045720088C9A7 /* ENGCOAuth.m */; };
		5EBB683B16D045730088C9A7 /* LICENSE in Resources */ = {isa = PBXBuildFile; fileRef = 5EBB67E616D045720088C9A7 /* LICENSE */; };
		5EBB683C16D045730088C9A7 /* NSData+ENBase64.m in Sources */ = {isa = PBXBuildFile; fileRef = 5EBB67E816D045720088C9A7 /* NSData+ENBase64.m */; };
		5EBB683D16D045730088C9A7 /* LICENSE in Resources */ = {isa = PBXBuildFile; fileRef = 5EBB67EA16D045720088C9A7 /* LICENSE */; };
		5EBB683E16D045730088C9A7 /* NSString+URLEncoding.m in Sources */ = {isa = PBXBuildFile; fileRef = 5EBB67EC16D045720088C9A7 /* NSString+URLEncoding.m */; };
		5EBB683F16D045730088C9A7 /* LICENSE in Resources */ = {isa = PBXBuildFile; fileRef = 5EBB67EE16D045720088C9A7 /* LICENSE */; };
		5EBB684016D045730088C9A7 /* SSKeychain.m in Sources */ = {isa = PBXBuildFile; fileRef = 5EBB67F016D045720088C9A7 /* SSKeychain.m */; };
		5EBB684116D045730088C9A7 /* LICENSE in Resources */ = {isa = PBXBuildFile; fileRef = 5EBB67F216D045720088C9A7 /* LICENSE */; };
		5EBB684216D045730088C9A7 /* TBinaryProtocol.m in Sources */ = {isa = PBXBuildFile; fileRef = 5EBB67F516D045720088C9A7 /* TBinaryProtocol.m */; };
		5EBB684316D045730088C9A7 /* TProtocolException.m in Sources */ = {isa = PBXBuildFile; fileRef = 5EBB67F816D045720088C9A7 /* TProtocolException.m */; };
		5EBB684416D045730088C9A7 /* TProtocolUtil.m in Sources */ = {isa = PBXBuildFile; fileRef = 5EBB67FB16D045720088C9A7 /* TProtocolUtil.m */; };
		5EBB684516D045730088C9A7 /* TApplicationException.m in Sources */ = {isa = PBXBuildFile; fileRef = 5EBB67FD16D045720088C9A7 /* TApplicationException.m */; };
		5EBB684616D045730088C9A7 /* TException.m in Sources */ = {isa = PBXBuildFile; fileRef = 5EBB67FF16D045720088C9A7 /* TException.m */; };
		5EBB684716D045730088C9A7 /* THTTPClient.m in Sources */ = {isa = PBXBuildFile; fileRef = 5EBB680616D045730088C9A7 /* THTTPClient.m */; };
		5EBB684816D045730088C9A7 /* TMemoryBuffer.m in Sources */ = {isa = PBXBuildFile; fileRef = 5EBB680816D045730088C9A7 /* TMemoryBuffer.m */; };
		5EBB684916D045730088C9A7 /* TTransportException.m in Sources */ = {isa = PBXBuildFile; fileRef = 5EBB680B16D045730088C9A7 /* TTransportException.m */; };
		5EBB684A16D045730088C9A7 /* EDAMErrors.m in Sources */ = {isa = PBXBuildFile; fileRef = 5EBB680F16D045730088C9A7 /* EDAMErrors.m */; };
		5EBB684B16D045730088C9A7 /* EDAMLimits.m in Sources */ = {isa = PBXBuildFile; fileRef = 5EBB681116D045730088C9A7 /* EDAMLimits.m */; };
		5EBB684C16D045730088C9A7 /* EDAMNoteStore.m in Sources */ = {isa = PBXBuildFile; fileRef = 5EBB681316D045730088C9A7 /* EDAMNoteStore.m */; };
		5EBB684D16D045730088C9A7 /* EDAMTypes.m in Sources */ = {isa = PBXBuildFile; fileRef = 5EBB681516D045730088C9A7 /* EDAMTypes.m */; };
		5EBB684E16D045730088C9A7 /* EDAMUserStore.m in Sources */ = {isa = PBXBuildFile; fileRef = 5EBB681716D045730088C9A7 /* EDAMUserStore.m */; };
		5EBB684F16D045730088C9A7 /* ENConstants.m in Sources */ = {isa = PBXBuildFile; fileRef = 5EBB681916D045730088C9A7 /* ENConstants.m */; };
		5EBB685016D045730088C9A7 /* EvernoteNoteStore+Extras.m in Sources */ = {isa = PBXBuildFile; fileRef = 5EBB681C16D045730088C9A7 /* EvernoteNoteStore+Extras.m */; };
		5EBB685116D045730088C9A7 /* EvernoteNoteStore.m in Sources */ = {isa = PBXBuildFile; fileRef = 5EBB681E16D045730088C9A7 /* EvernoteNoteStore.m */; };
		5EBB685216D045730088C9A7 /* EvernoteSDK.m in Sources */ = {isa = PBXBuildFile; fileRef = 5EBB682016D045730088C9A7 /* EvernoteSDK.m */; };
		5EBB685316D045730088C9A7 /* EvernoteSession.m in Sources */ = {isa = PBXBuildFile; fileRef = 5EBB682216D045730088C9A7 /* EvernoteSession.m */; };
		5EBB685416D045730088C9A7 /* EvernoteUserStore+Extras.m in Sources */ = {isa = PBXBuildFile; fileRef = 5EBB682416D045730088C9A7 /* EvernoteUserStore+Extras.m */; };
		5EBB685516D045730088C9A7 /* EvernoteUserStore.m in Sources */ = {isa = PBXBuildFile; fileRef = 5EBB682616D045730088C9A7 /* EvernoteUserStore.m */; };
		5EBB685616D045730088C9A7 /* ENAPI.m in Sources */ = {isa = PBXBuildFile; fileRef = 5EBB682916D045730088C9A7 /* ENAPI.m */; };
		5EBB685716D045730088C9A7 /* ENCredentials.m in Sources */ = {isa = PBXBuildFile; fileRef = 5EBB682B16D045730088C9A7 /* ENCredentials.m */; };
		5EBB685816D045730088C9A7 /* ENCredentialStore.m in Sources */ = {isa = PBXBuildFile; fileRef = 5EBB682D16D045730088C9A7 /* ENCredentialStore.m */; };
		5EBB685916D045730088C9A7 /* ENOAuthViewController.m in Sources */ = {isa = PBXBuildFile; fileRef = 5EBB682F16D045730088C9A7 /* ENOAuthViewController.m */; };
		5EBB685A16D045730088C9A7 /* Localizable.strings in Resources */ = {isa = PBXBuildFile; fileRef = 5EBB683116D045730088C9A7 /* Localizable.strings */; };
		5EBB685B16D045730088C9A7 /* ENMLUtility.m in Sources */ = {isa = PBXBuildFile; fileRef = 5EBB683516D045730088C9A7 /* ENMLUtility.m */; };
		5EBB685C16D045730088C9A7 /* NSData+EvernoteSDK.m in Sources */ = {isa = PBXBuildFile; fileRef = 5EBB683716D045730088C9A7 /* NSData+EvernoteSDK.m */; };
		5EBB685D16D045730088C9A7 /* NSDate+EDAMAdditions.m in Sources */ = {isa = PBXBuildFile; fileRef = 5EBB683916D045730088C9A7 /* NSDate+EDAMAdditions.m */; };
		5EBB685F16D08EFD0088C9A7 /* CoreMotion.framework in Frameworks */ = {isa = PBXBuildFile; fileRef = 5EBB685E16D08EFC0088C9A7 /* CoreMotion.framework */; };
/* End PBXBuildFile section */

/* Begin PBXFileReference section */
		03EDC13116D094570081C235 /* totemicon.png */ = {isa = PBXFileReference; lastKnownFileType = image.png; name = totemicon.png; path = ../totemicon.png; sourceTree = "<group>"; };
		03EDC13316D094620081C235 /* Default.png */ = {isa = PBXFileReference; lastKnownFileType = image.png; name = Default.png; path = ../Default.png; sourceTree = "<group>"; };
		03EDC13716D0965A0081C235 /* Default-568h@2x.png */ = {isa = PBXFileReference; lastKnownFileType = image.png; name = "Default-568h@2x.png"; path = "../Default-568h@2x.png"; sourceTree = "<group>"; };
		03EDC13A16D098630081C235 /* Default@2x.png */ = {isa = PBXFileReference; lastKnownFileType = image.png; name = "Default@2x.png"; path = "../Default@2x.png"; sourceTree = "<group>"; };
		03EDC13C16D09BA30081C235 /* bg-568@2x.png */ = {isa = PBXFileReference; lastKnownFileType = image.png; path = "bg-568@2x.png"; sourceTree = "<group>"; };
		03EDC13D16D09BA30081C235 /* bg@2x.png */ = {isa = PBXFileReference; lastKnownFileType = image.png; path = "bg@2x.png"; sourceTree = "<group>"; };
		03EDC13E16D09BA40081C235 /* justhead.png */ = {isa = PBXFileReference; lastKnownFileType = image.png; path = justhead.png; sourceTree = "<group>"; };
		03EDC14616D09F580081C235 /* bardark.png */ = {isa = PBXFileReference; lastKnownFileType = image.png; path = bardark.png; sourceTree = "<group>"; };
		03EDC14716D09F580081C235 /* barhandle.png */ = {isa = PBXFileReference; lastKnownFileType = image.png; path = barhandle.png; sourceTree = "<group>"; };
		03EDC14816D09F580081C235 /* barlight.png */ = {isa = PBXFileReference; lastKnownFileType = image.png; path = barlight.png; sourceTree = "<group>"; };
		03EDC14C16D0FBB00081C235 /* sleep-586@2x.png */ = {isa = PBXFileReference; lastKnownFileType = image.png; path = "sleep-586@2x.png"; sourceTree = "<group>"; };
		03EDC14E16D0FDE20081C235 /* buttonsleepnotpressed.png */ = {isa = PBXFileReference; lastKnownFileType = image.png; path = buttonsleepnotpressed.png; sourceTree = "<group>"; };
		03EDC14F16D0FDE20081C235 /* buttonsleeppressed.png */ = {isa = PBXFileReference; lastKnownFileType = image.png; path = buttonsleeppressed.png; sourceTree = "<group>"; };
		03EDC15216D0FE3A0081C235 /* buttonimawakenotpressed.png */ = {isa = PBXFileReference; lastKnownFileType = image.png; path = buttonimawakenotpressed.png; sourceTree = "<group>"; };
		03EDC15316D0FE3A0081C235 /* buttonimawakepressed.png */ = {isa = PBXFileReference; lastKnownFileType = image.png; path = buttonimawakepressed.png; sourceTree = "<group>"; };
		03EDC15616D100190081C235 /* evernote.png */ = {isa = PBXFileReference; lastKnownFileType = image.png; path = evernote.png; sourceTree = "<group>"; };
		03EDC15716D100190081C235 /* flying.png */ = {isa = PBXFileReference; lastKnownFileType = image.png; path = flying.png; sourceTree = "<group>"; };
		03EDC15816D100190081C235 /* rem2.png */ = {isa = PBXFileReference; lastKnownFileType = image.png; path = rem2.png; sourceTree = "<group>"; };
		03EDC15916D1001A0081C235 /* sleep.png */ = {isa = PBXFileReference; lastKnownFileType = image.png; path = sleep.png; sourceTree = "<group>"; };
		03EDC15A16D1001A0081C235 /* triggerlevel.png */ = {isa = PBXFileReference; lastKnownFileType = image.png; path = triggerlevel.png; sourceTree = "<group>"; };
		03EDC15B16D1001A0081C235 /* wakeup.png */ = {isa = PBXFileReference; lastKnownFileType = image.png; path = wakeup.png; sourceTree = "<group>"; };
		03EDC16216D101A50081C235 /* buttoninstdonenotpressed.png */ = {isa = PBXFileReference; lastKnownFileType = image.png; path = buttoninstdonenotpressed.png; sourceTree = "<group>"; };
		03EDC16316D101A50081C235 /* buttoninstdonepressed.png */ = {isa = PBXFileReference; lastKnownFileType = image.png; path = buttoninstdonepressed.png; sourceTree = "<group>"; };
		03EDC16616D10DDE0081C235 /* howitworks.png */ = {isa = PBXFileReference; lastKnownFileType = image.png; path = howitworks.png; sourceTree = "<group>"; };
		03EDC16816D11BA10081C235 /* AVFoundation.framework */ = {isa = PBXFileReference; lastKnownFileType = wrapper.framework; name = AVFoundation.framework; path = System/Library/Frameworks/AVFoundation.framework; sourceTree = SDKROOT; };
		03EDC16A16D11C600081C235 /* Non, Je Ne Regrette Rien.mp3 */ = {isa = PBXFileReference; lastKnownFileType = audio.mp3; path = "Non, Je Ne Regrette Rien.mp3"; sourceTree = "<group>"; };
		03EDC16C16D12A0F0081C235 /* totemlogo.png */ = {isa = PBXFileReference; lastKnownFileType = image.png; path = totemlogo.png; sourceTree = "<group>"; };
		03EDC16E16D13AB90081C235 /* MediaPlayer.framework */ = {isa = PBXFileReference; lastKnownFileType = wrapper.framework; name = MediaPlayer.framework; path = System/Library/Frameworks/MediaPlayer.framework; sourceTree = SDKROOT; };
		5EBB66E616D017260088C9A7 /* Totem.app */ = {isa = PBXFileReference; explicitFileType = wrapper.application; includeInIndex = 0; path = Totem.app; sourceTree = BUILT_PRODUCTS_DIR; };
		5EBB66E916D017260088C9A7 /* UIKit.framework */ = {isa = PBXFileReference; lastKnownFileType = wrapper.framework; name = UIKit.framework; path = System/Library/Frameworks/UIKit.framework; sourceTree = SDKROOT; };
		5EBB66EB16D017260088C9A7 /* Foundation.framework */ = {isa = PBXFileReference; lastKnownFileType = wrapper.framework; name = Foundation.framework; path = System/Library/Frameworks/Foundation.framework; sourceTree = SDKROOT; };
		5EBB66ED16D017260088C9A7 /* CoreGraphics.framework */ = {isa = PBXFileReference; lastKnownFileType = wrapper.framework; name = CoreGraphics.framework; path = System/Library/Frameworks/CoreGraphics.framework; sourceTree = SDKROOT; };
		5EBB66F116D017260088C9A7 /* Totem-Info.plist */ = {isa = PBXFileReference; lastKnownFileType = text.plist.xml; path = "Totem-Info.plist"; sourceTree = "<group>"; };
		5EBB66F316D017260088C9A7 /* en */ = {isa = PBXFileReference; lastKnownFileType = text.plist.strings; name = en; path = en.lproj/InfoPlist.strings; sourceTree = "<group>"; };
		5EBB66F516D017260088C9A7 /* main.m */ = {isa = PBXFileReference; lastKnownFileType = sourcecode.c.objc; path = main.m; sourceTree = "<group>"; };
		5EBB66F716D017260088C9A7 /* Totem-Prefix.pch */ = {isa = PBXFileReference; lastKnownFileType = sourcecode.c.h; path = "Totem-Prefix.pch"; sourceTree = "<group>"; };
		5EBB66F816D017260088C9A7 /* TotemAppDelegate.h */ = {isa = PBXFileReference; lastKnownFileType = sourcecode.c.h; path = TotemAppDelegate.h; sourceTree = "<group>"; };
		5EBB66F916D017260088C9A7 /* TotemAppDelegate.m */ = {isa = PBXFileReference; lastKnownFileType = sourcecode.c.objc; path = TotemAppDelegate.m; sourceTree = "<group>"; };
		5EBB670216D017270088C9A7 /* en */ = {isa = PBXFileReference; lastKnownFileType = file.storyboard; name = en; path = en.lproj/MainStoryboard.storyboard; sourceTree = "<group>"; };
		5EBB670416D017270088C9A7 /* TotemViewController.h */ = {isa = PBXFileReference; lastKnownFileType = sourcecode.c.h; path = TotemViewController.h; sourceTree = "<group>"; };
		5EBB670516D017270088C9A7 /* TotemViewController.m */ = {isa = PBXFileReference; lastKnownFileType = sourcecode.c.objc; path = TotemViewController.m; sourceTree = "<group>"; };
		5EBB670C16D018300088C9A7 /* SleepViewController.h */ = {isa = PBXFileReference; fileEncoding = 4; lastKnownFileType = sourcecode.c.h; path = SleepViewController.h; sourceTree = "<group>"; };
		5EBB670D16D018300088C9A7 /* SleepViewController.m */ = {isa = PBXFileReference; fileEncoding = 4; lastKnownFileType = sourcecode.c.objc; path = SleepViewController.m; sourceTree = "<group>"; };
		5EBB670F16D018B40088C9A7 /* DreamViewController.h */ = {isa = PBXFileReference; fileEncoding = 4; lastKnownFileType = sourcecode.c.h; path = DreamViewController.h; sourceTree = "<group>"; };
		5EBB671016D018B40088C9A7 /* DreamViewController.m */ = {isa = PBXFileReference; fileEncoding = 4; lastKnownFileType = sourcecode.c.objc; path = DreamViewController.m; sourceTree = "<group>"; };
		5EBB671216D01CCD0088C9A7 /* InstructionViewController.h */ = {isa = PBXFileReference; fileEncoding = 4; lastKnownFileType = sourcecode.c.h; path = InstructionViewController.h; sourceTree = "<group>"; };
		5EBB671316D01CCD0088C9A7 /* InstructionViewController.m */ = {isa = PBXFileReference; fileEncoding = 4; lastKnownFileType = sourcecode.c.objc; path = InstructionViewController.m; sourceTree = "<group>"; };
		5EBB67DF16D040F90088C9A7 /* Security.framework */ = {isa = PBXFileReference; lastKnownFileType = wrapper.framework; name = Security.framework; path = System/Library/Frameworks/Security.framework; sourceTree = SDKROOT; };
		5EBB67E416D045720088C9A7 /* ENGCOAuth.h */ = {isa = PBXFileReference; fileEncoding = 4; lastKnownFileType = sourcecode.c.h; path = ENGCOAuth.h; sourceTree = "<group>"; };
		5EBB67E516D045720088C9A7 /* ENGCOAuth.m */ = {isa = PBXFileReference; fileEncoding = 4; lastKnownFileType = sourcecode.c.objc; path = ENGCOAuth.m; sourceTree = "<group>"; };
		5EBB67E616D045720088C9A7 /* LICENSE */ = {isa = PBXFileReference; fileEncoding = 4; lastKnownFileType = text; path = LICENSE; sourceTree = "<group>"; };
		5EBB67E716D045720088C9A7 /* NSData+ENBase64.h */ = {isa = PBXFileReference; fileEncoding = 4; lastKnownFileType = sourcecode.c.h; path = "NSData+ENBase64.h"; sourceTree = "<group>"; };
		5EBB67E816D045720088C9A7 /* NSData+ENBase64.m */ = {isa = PBXFileReference; fileEncoding = 4; lastKnownFileType = sourcecode.c.objc; path = "NSData+ENBase64.m"; sourceTree = "<group>"; };
		5EBB67EA16D045720088C9A7 /* LICENSE */ = {isa = PBXFileReference; fileEncoding = 4; lastKnownFileType = text; path = LICENSE; sourceTree = "<group>"; };
		5EBB67EB16D045720088C9A7 /* NSString+URLEncoding.h */ = {isa = PBXFileReference; fileEncoding = 4; lastKnownFileType = sourcecode.c.h; path = "NSString+URLEncoding.h"; sourceTree = "<group>"; };
		5EBB67EC16D045720088C9A7 /* NSString+URLEncoding.m */ = {isa = PBXFileReference; fileEncoding = 4; lastKnownFileType = sourcecode.c.objc; path = "NSString+URLEncoding.m"; sourceTree = "<group>"; };
		5EBB67EE16D045720088C9A7 /* LICENSE */ = {isa = PBXFileReference; fileEncoding = 4; lastKnownFileType = text; path = LICENSE; sourceTree = "<group>"; };
		5EBB67EF16D045720088C9A7 /* SSKeychain.h */ = {isa = PBXFileReference; fileEncoding = 4; lastKnownFileType = sourcecode.c.h; path = SSKeychain.h; sourceTree = "<group>"; };
		5EBB67F016D045720088C9A7 /* SSKeychain.m */ = {isa = PBXFileReference; fileEncoding = 4; lastKnownFileType = sourcecode.c.objc; path = SSKeychain.m; sourceTree = "<group>"; };
		5EBB67F216D045720088C9A7 /* LICENSE */ = {isa = PBXFileReference; fileEncoding = 4; lastKnownFileType = text; path = LICENSE; sourceTree = "<group>"; };
		5EBB67F416D045720088C9A7 /* TBinaryProtocol.h */ = {isa = PBXFileReference; fileEncoding = 4; lastKnownFileType = sourcecode.c.h; path = TBinaryProtocol.h; sourceTree = "<group>"; };
		5EBB67F516D045720088C9A7 /* TBinaryProtocol.m */ = {isa = PBXFileReference; fileEncoding = 4; lastKnownFileType = sourcecode.c.objc; path = TBinaryProtocol.m; sourceTree = "<group>"; };
		5EBB67F616D045720088C9A7 /* TProtocol.h */ = {isa = PBXFileReference; fileEncoding = 4; lastKnownFileType = sourcecode.c.h; path = TProtocol.h; sourceTree = "<group>"; };
		5EBB67F716D045720088C9A7 /* TProtocolException.h */ = {isa = PBXFileReference; fileEncoding = 4; lastKnownFileType = sourcecode.c.h; path = TProtocolException.h; sourceTree = "<group>"; };
		5EBB67F816D045720088C9A7 /* TProtocolException.m */ = {isa = PBXFileReference; fileEncoding = 4; lastKnownFileType = sourcecode.c.objc; path = TProtocolException.m; sourceTree = "<group>"; };
		5EBB67F916D045720088C9A7 /* TProtocolFactory.h */ = {isa = PBXFileReference; fileEncoding = 4; lastKnownFileType = sourcecode.c.h; path = TProtocolFactory.h; sourceTree = "<group>"; };
		5EBB67FA16D045720088C9A7 /* TProtocolUtil.h */ = {isa = PBXFileReference; fileEncoding = 4; lastKnownFileType = sourcecode.c.h; path = TProtocolUtil.h; sourceTree = "<group>"; };
		5EBB67FB16D045720088C9A7 /* TProtocolUtil.m */ = {isa = PBXFileReference; fileEncoding = 4; lastKnownFileType = sourcecode.c.objc; path = TProtocolUtil.m; sourceTree = "<group>"; };
		5EBB67FC16D045720088C9A7 /* TApplicationException.h */ = {isa = PBXFileReference; fileEncoding = 4; lastKnownFileType = sourcecode.c.h; path = TApplicationException.h; sourceTree = "<group>"; };
		5EBB67FD16D045720088C9A7 /* TApplicationException.m */ = {isa = PBXFileReference; fileEncoding = 4; lastKnownFileType = sourcecode.c.objc; path = TApplicationException.m; sourceTree = "<group>"; };
		5EBB67FE16D045720088C9A7 /* TException.h */ = {isa = PBXFileReference; fileEncoding = 4; lastKnownFileType = sourcecode.c.h; path = TException.h; sourceTree = "<group>"; };
		5EBB67FF16D045720088C9A7 /* TException.m */ = {isa = PBXFileReference; fileEncoding = 4; lastKnownFileType = sourcecode.c.objc; path = TException.m; sourceTree = "<group>"; };
		5EBB680016D045720088C9A7 /* Thrift.h */ = {isa = PBXFileReference; fileEncoding = 4; lastKnownFileType = sourcecode.c.h; path = Thrift.h; sourceTree = "<group>"; };
		5EBB680116D045720088C9A7 /* TObjective-C.h */ = {isa = PBXFileReference; fileEncoding = 4; lastKnownFileType = sourcecode.c.h; path = "TObjective-C.h"; sourceTree = "<group>"; };
		5EBB680216D045730088C9A7 /* TProcessor.h */ = {isa = PBXFileReference; fileEncoding = 4; lastKnownFileType = sourcecode.c.h; path = TProcessor.h; sourceTree = "<group>"; };
		5EBB680316D045730088C9A7 /* TProcessorFactory.h */ = {isa = PBXFileReference; fileEncoding = 4; lastKnownFileType = sourcecode.c.h; path = TProcessorFactory.h; sourceTree = "<group>"; };
		5EBB680516D045730088C9A7 /* THTTPClient.h */ = {isa = PBXFileReference; fileEncoding = 4; lastKnownFileType = sourcecode.c.h; path = THTTPClient.h; sourceTree = "<group>"; };
		5EBB680616D045730088C9A7 /* THTTPClient.m */ = {isa = PBXFileReference; fileEncoding = 4; lastKnownFileType = sourcecode.c.objc; path = THTTPClient.m; sourceTree = "<group>"; };
		5EBB680716D045730088C9A7 /* TMemoryBuffer.h */ = {isa = PBXFileReference; fileEncoding = 4; lastKnownFileType = sourcecode.c.h; path = TMemoryBuffer.h; sourceTree = "<group>"; };
		5EBB680816D045730088C9A7 /* TMemoryBuffer.m */ = {isa = PBXFileReference; fileEncoding = 4; lastKnownFileType = sourcecode.c.objc; path = TMemoryBuffer.m; sourceTree = "<group>"; };
		5EBB680916D045730088C9A7 /* TTransport.h */ = {isa = PBXFileReference; fileEncoding = 4; lastKnownFileType = sourcecode.c.h; path = TTransport.h; sourceTree = "<group>"; };
		5EBB680A16D045730088C9A7 /* TTransportException.h */ = {isa = PBXFileReference; fileEncoding = 4; lastKnownFileType = sourcecode.c.h; path = TTransportException.h; sourceTree = "<group>"; };
		5EBB680B16D045730088C9A7 /* TTransportException.m */ = {isa = PBXFileReference; fileEncoding = 4; lastKnownFileType = sourcecode.c.objc; path = TTransportException.m; sourceTree = "<group>"; };
		5EBB680D16D045730088C9A7 /* EDAM.h */ = {isa = PBXFileReference; fileEncoding = 4; lastKnownFileType = sourcecode.c.h; path = EDAM.h; sourceTree = "<group>"; };
		5EBB680E16D045730088C9A7 /* EDAMErrors.h */ = {isa = PBXFileReference; fileEncoding = 4; lastKnownFileType = sourcecode.c.h; path = EDAMErrors.h; sourceTree = "<group>"; };
		5EBB680F16D045730088C9A7 /* EDAMErrors.m */ = {isa = PBXFileReference; fileEncoding = 4; lastKnownFileType = sourcecode.c.objc; path = EDAMErrors.m; sourceTree = "<group>"; };
		5EBB681016D045730088C9A7 /* EDAMLimits.h */ = {isa = PBXFileReference; fileEncoding = 4; lastKnownFileType = sourcecode.c.h; path = EDAMLimits.h; sourceTree = "<group>"; };
		5EBB681116D045730088C9A7 /* EDAMLimits.m */ = {isa = PBXFileReference; fileEncoding = 4; lastKnownFileType = sourcecode.c.objc; path = EDAMLimits.m; sourceTree = "<group>"; };
		5EBB681216D045730088C9A7 /* EDAMNoteStore.h */ = {isa = PBXFileReference; fileEncoding = 4; lastKnownFileType = sourcecode.c.h; path = EDAMNoteStore.h; sourceTree = "<group>"; };
		5EBB681316D045730088C9A7 /* EDAMNoteStore.m */ = {isa = PBXFileReference; fileEncoding = 4; lastKnownFileType = sourcecode.c.objc; path = EDAMNoteStore.m; sourceTree = "<group>"; };
		5EBB681416D045730088C9A7 /* EDAMTypes.h */ = {isa = PBXFileReference; fileEncoding = 4; lastKnownFileType = sourcecode.c.h; path = EDAMTypes.h; sourceTree = "<group>"; };
		5EBB681516D045730088C9A7 /* EDAMTypes.m */ = {isa = PBXFileReference; fileEncoding = 4; lastKnownFileType = sourcecode.c.objc; path = EDAMTypes.m; sourceTree = "<group>"; };
		5EBB681616D045730088C9A7 /* EDAMUserStore.h */ = {isa = PBXFileReference; fileEncoding = 4; lastKnownFileType = sourcecode.c.h; path = EDAMUserStore.h; sourceTree = "<group>"; };
		5EBB681716D045730088C9A7 /* EDAMUserStore.m */ = {isa = PBXFileReference; fileEncoding = 4; lastKnownFileType = sourcecode.c.objc; path = EDAMUserStore.m; sourceTree = "<group>"; };
		5EBB681816D045730088C9A7 /* ENConstants.h */ = {isa = PBXFileReference; fileEncoding = 4; lastKnownFileType = sourcecode.c.h; path = ENConstants.h; sourceTree = "<group>"; };
		5EBB681916D045730088C9A7 /* ENConstants.m */ = {isa = PBXFileReference; fileEncoding = 4; lastKnownFileType = sourcecode.c.objc; path = ENConstants.m; sourceTree = "<group>"; };
		5EBB681A16D045730088C9A7 /* evernote-sdk-ios-Prefix.pch */ = {isa = PBXFileReference; fileEncoding = 4; lastKnownFileType = sourcecode.c.h; path = "evernote-sdk-ios-Prefix.pch"; sourceTree = "<group>"; };
		5EBB681B16D045730088C9A7 /* EvernoteNoteStore+Extras.h */ = {isa = PBXFileReference; fileEncoding = 4; lastKnownFileType = sourcecode.c.h; path = "EvernoteNoteStore+Extras.h"; sourceTree = "<group>"; };
		5EBB681C16D045730088C9A7 /* EvernoteNoteStore+Extras.m */ = {isa = PBXFileReference; fileEncoding = 4; lastKnownFileType = sourcecode.c.objc; path = "EvernoteNoteStore+Extras.m"; sourceTree = "<group>"; };
		5EBB681D16D045730088C9A7 /* EvernoteNoteStore.h */ = {isa = PBXFileReference; fileEncoding = 4; lastKnownFileType = sourcecode.c.h; path = EvernoteNoteStore.h; sourceTree = "<group>"; };
		5EBB681E16D045730088C9A7 /* EvernoteNoteStore.m */ = {isa = PBXFileReference; fileEncoding = 4; lastKnownFileType = sourcecode.c.objc; path = EvernoteNoteStore.m; sourceTree = "<group>"; };
		5EBB681F16D045730088C9A7 /* EvernoteSDK.h */ = {isa = PBXFileReference; fileEncoding = 4; lastKnownFileType = sourcecode.c.h; path = EvernoteSDK.h; sourceTree = "<group>"; };
		5EBB682016D045730088C9A7 /* EvernoteSDK.m */ = {isa = PBXFileReference; fileEncoding = 4; lastKnownFileType = sourcecode.c.objc; path = EvernoteSDK.m; sourceTree = "<group>"; };
		5EBB682116D045730088C9A7 /* EvernoteSession.h */ = {isa = PBXFileReference; fileEncoding = 4; lastKnownFileType = sourcecode.c.h; path = EvernoteSession.h; sourceTree = "<group>"; };
		5EBB682216D045730088C9A7 /* EvernoteSession.m */ = {isa = PBXFileReference; fileEncoding = 4; lastKnownFileType = sourcecode.c.objc; path = EvernoteSession.m; sourceTree = "<group>"; };
		5EBB682316D045730088C9A7 /* EvernoteUserStore+Extras.h */ = {isa = PBXFileReference; fileEncoding = 4; lastKnownFileType = sourcecode.c.h; path = "EvernoteUserStore+Extras.h"; sourceTree = "<group>"; };
		5EBB682416D045730088C9A7 /* EvernoteUserStore+Extras.m */ = {isa = PBXFileReference; fileEncoding = 4; lastKnownFileType = sourcecode.c.objc; path = "EvernoteUserStore+Extras.m"; sourceTree = "<group>"; };
		5EBB682516D045730088C9A7 /* EvernoteUserStore.h */ = {isa = PBXFileReference; fileEncoding = 4; lastKnownFileType = sourcecode.c.h; path = EvernoteUserStore.h; sourceTree = "<group>"; };
		5EBB682616D045730088C9A7 /* EvernoteUserStore.m */ = {isa = PBXFileReference; fileEncoding = 4; lastKnownFileType = sourcecode.c.objc; path = EvernoteUserStore.m; sourceTree = "<group>"; };
		5EBB682816D045730088C9A7 /* ENAPI.h */ = {isa = PBXFileReference; fileEncoding = 4; lastKnownFileType = sourcecode.c.h; path = ENAPI.h; sourceTree = "<group>"; };
		5EBB682916D045730088C9A7 /* ENAPI.m */ = {isa = PBXFileReference; fileEncoding = 4; lastKnownFileType = sourcecode.c.objc; path = ENAPI.m; sourceTree = "<group>"; };
		5EBB682A16D045730088C9A7 /* ENCredentials.h */ = {isa = PBXFileReference; fileEncoding = 4; lastKnownFileType = sourcecode.c.h; path = ENCredentials.h; sourceTree = "<group>"; };
		5EBB682B16D045730088C9A7 /* ENCredentials.m */ = {isa = PBXFileReference; fileEncoding = 4; lastKnownFileType = sourcecode.c.objc; path = ENCredentials.m; sourceTree = "<group>"; };
		5EBB682C16D045730088C9A7 /* ENCredentialStore.h */ = {isa = PBXFileReference; fileEncoding = 4; lastKnownFileType = sourcecode.c.h; path = ENCredentialStore.h; sourceTree = "<group>"; };
		5EBB682D16D045730088C9A7 /* ENCredentialStore.m */ = {isa = PBXFileReference; fileEncoding = 4; lastKnownFileType = sourcecode.c.objc; path = ENCredentialStore.m; sourceTree = "<group>"; };
		5EBB682E16D045730088C9A7 /* ENOAuthViewController.h */ = {isa = PBXFileReference; fileEncoding = 4; lastKnownFileType = sourcecode.c.h; path = ENOAuthViewController.h; sourceTree = "<group>"; };
		5EBB682F16D045730088C9A7 /* ENOAuthViewController.m */ = {isa = PBXFileReference; fileEncoding = 4; lastKnownFileType = sourcecode.c.objc; path = ENOAuthViewController.m; sourceTree = "<group>"; };
		5EBB683216D045730088C9A7 /* en */ = {isa = PBXFileReference; lastKnownFileType = text.plist.strings; name = en; path = en.lproj/Localizable.strings; sourceTree = "<group>"; };
		5EBB683416D045730088C9A7 /* ENMLUtility.h */ = {isa = PBXFileReference; fileEncoding = 4; lastKnownFileType = sourcecode.c.h; path = ENMLUtility.h; sourceTree = "<group>"; };
		5EBB683516D045730088C9A7 /* ENMLUtility.m */ = {isa = PBXFileReference; fileEncoding = 4; lastKnownFileType = sourcecode.c.objc; path = ENMLUtility.m; sourceTree = "<group>"; };
		5EBB683616D045730088C9A7 /* NSData+EvernoteSDK.h */ = {isa = PBXFileReference; fileEncoding = 4; lastKnownFileType = sourcecode.c.h; path = "NSData+EvernoteSDK.h"; sourceTree = "<group>"; };
		5EBB683716D045730088C9A7 /* NSData+EvernoteSDK.m */ = {isa = PBXFileReference; fileEncoding = 4; lastKnownFileType = sourcecode.c.objc; path = "NSData+EvernoteSDK.m"; sourceTree = "<group>"; };
		5EBB683816D045730088C9A7 /* NSDate+EDAMAdditions.h */ = {isa = PBXFileReference; fileEncoding = 4; lastKnownFileType = sourcecode.c.h; path = "NSDate+EDAMAdditions.h"; sourceTree = "<group>"; };
		5EBB683916D045730088C9A7 /* NSDate+EDAMAdditions.m */ = {isa = PBXFileReference; fileEncoding = 4; lastKnownFileType = sourcecode.c.objc; path = "NSDate+EDAMAdditions.m"; sourceTree = "<group>"; };
		5EBB685E16D08EFC0088C9A7 /* CoreMotion.framework */ = {isa = PBXFileReference; lastKnownFileType = wrapper.framework; name = CoreMotion.framework; path = System/Library/Frameworks/CoreMotion.framework; sourceTree = SDKROOT; };
/* End PBXFileReference section */

/* Begin PBXFrameworksBuildPhase section */
		5EBB66E316D017260088C9A7 /* Frameworks */ = {
			isa = PBXFrameworksBuildPhase;
			buildActionMask = 2147483647;
			files = (
				03EDC16F16D13ABA0081C235 /* MediaPlayer.framework in Frameworks */,
				03EDC16916D11BA10081C235 /* AVFoundation.framework in Frameworks */,
				5EBB685F16D08EFD0088C9A7 /* CoreMotion.framework in Frameworks */,
				5EBB67E016D040F90088C9A7 /* Security.framework in Frameworks */,
				5EBB66EA16D017260088C9A7 /* UIKit.framework in Frameworks */,
				5EBB66EC16D017260088C9A7 /* Foundation.framework in Frameworks */,
				5EBB66EE16D017260088C9A7 /* CoreGraphics.framework in Frameworks */,
			);
			runOnlyForDeploymentPostprocessing = 0;
		};
/* End PBXFrameworksBuildPhase section */

/* Begin PBXGroup section */
		5EBB66DD16D017260088C9A7 = {
			isa = PBXGroup;
			children = (
				5EBB66EF16D017260088C9A7 /* Totem */,
				5EBB66E816D017260088C9A7 /* Frameworks */,
				5EBB66E716D017260088C9A7 /* Products */,
			);
			sourceTree = "<group>";
		};
		5EBB66E716D017260088C9A7 /* Products */ = {
			isa = PBXGroup;
			children = (
				5EBB66E616D017260088C9A7 /* Totem.app */,
			);
			name = Products;
			sourceTree = "<group>";
		};
		5EBB66E816D017260088C9A7 /* Frameworks */ = {
			isa = PBXGroup;
			children = (
				03EDC16E16D13AB90081C235 /* MediaPlayer.framework */,
				03EDC16816D11BA10081C235 /* AVFoundation.framework */,
				5EBB685E16D08EFC0088C9A7 /* CoreMotion.framework */,
				5EBB67DF16D040F90088C9A7 /* Security.framework */,
				5EBB66E916D017260088C9A7 /* UIKit.framework */,
				5EBB66EB16D017260088C9A7 /* Foundation.framework */,
				5EBB66ED16D017260088C9A7 /* CoreGraphics.framework */,
			);
			name = Frameworks;
			sourceTree = "<group>";
		};
		5EBB66EF16D017260088C9A7 /* Totem */ = {
			isa = PBXGroup;
			children = (
				5EBB66F816D017260088C9A7 /* TotemAppDelegate.h */,
				5EBB66F916D017260088C9A7 /* TotemAppDelegate.m */,
				5EBB670116D017270088C9A7 /* MainStoryboard.storyboard */,
				5EBB671216D01CCD0088C9A7 /* InstructionViewController.h */,
				5EBB671316D01CCD0088C9A7 /* InstructionViewController.m */,
				5EBB670F16D018B40088C9A7 /* DreamViewController.h */,
				5EBB671016D018B40088C9A7 /* DreamViewController.m */,
				5EBB670C16D018300088C9A7 /* SleepViewController.h */,
				5EBB670D16D018300088C9A7 /* SleepViewController.m */,
				5EBB670416D017270088C9A7 /* TotemViewController.h */,
				5EBB670516D017270088C9A7 /* TotemViewController.m */,
				5EBB671516D040E20088C9A7 /* External */,
				5EBB66F016D017260088C9A7 /* Supporting Files */,
			);
			path = Totem;
			sourceTree = "<group>";
		};
		5EBB66F016D017260088C9A7 /* Supporting Files */ = {
			isa = PBXGroup;
			children = (
				03EDC16C16D12A0F0081C235 /* totemlogo.png */,
				03EDC16A16D11C600081C235 /* Non, Je Ne Regrette Rien.mp3 */,
				03EDC16616D10DDE0081C235 /* howitworks.png */,
				03EDC16216D101A50081C235 /* buttoninstdonenotpressed.png */,
				03EDC16316D101A50081C235 /* buttoninstdonepressed.png */,
				03EDC15616D100190081C235 /* evernote.png */,
				03EDC15716D100190081C235 /* flying.png */,
				03EDC15816D100190081C235 /* rem2.png */,
				03EDC15916D1001A0081C235 /* sleep.png */,
				03EDC15A16D1001A0081C235 /* triggerlevel.png */,
				03EDC15B16D1001A0081C235 /* wakeup.png */,
				03EDC15216D0FE3A0081C235 /* buttonimawakenotpressed.png */,
				03EDC15316D0FE3A0081C235 /* buttonimawakepressed.png */,
				03EDC14E16D0FDE20081C235 /* buttonsleepnotpressed.png */,
				03EDC14F16D0FDE20081C235 /* buttonsleeppressed.png */,
				03EDC14C16D0FBB00081C235 /* sleep-586@2x.png */,
				03EDC14616D09F580081C235 /* bardark.png */,
				03EDC14716D09F580081C235 /* barhandle.png */,
				03EDC14816D09F580081C235 /* barlight.png */,
				03EDC13C16D09BA30081C235 /* bg-568@2x.png */,
				03EDC13D16D09BA30081C235 /* bg@2x.png */,
				03EDC13E16D09BA40081C235 /* justhead.png */,
				03EDC13A16D098630081C235 /* Default@2x.png */,
				03EDC13316D094620081C235 /* Default.png */,
				03EDC13116D094570081C235 /* totemicon.png */,
				03EDC13716D0965A0081C235 /* Default-568h@2x.png */,
				5EBB66F116D017260088C9A7 /* Totem-Info.plist */,
				5EBB66F216D017260088C9A7 /* InfoPlist.strings */,
				5EBB66F516D017260088C9A7 /* main.m */,
				5EBB66F716D017260088C9A7 /* Totem-Prefix.pch */,
			);
			name = "Supporting Files";
			sourceTree = "<group>";
		};
		5EBB671516D040E20088C9A7 /* External */ = {
			isa = PBXGroup;
			children = (
				5EBB67E116D045720088C9A7 /* evernote-sdk-ios */,
			);
			path = External;
			sourceTree = "<group>";
		};
		5EBB67E116D045720088C9A7 /* evernote-sdk-ios */ = {
			isa = PBXGroup;
			children = (
				5EBB67E216D045720088C9A7 /* 3rdParty */,
				5EBB680C16D045730088C9A7 /* EDAM */,
				5EBB681816D045730088C9A7 /* ENConstants.h */,
				5EBB681916D045730088C9A7 /* ENConstants.m */,
				5EBB681A16D045730088C9A7 /* evernote-sdk-ios-Prefix.pch */,
				5EBB681B16D045730088C9A7 /* EvernoteNoteStore+Extras.h */,
				5EBB681C16D045730088C9A7 /* EvernoteNoteStore+Extras.m */,
				5EBB681D16D045730088C9A7 /* EvernoteNoteStore.h */,
				5EBB681E16D045730088C9A7 /* EvernoteNoteStore.m */,
				5EBB681F16D045730088C9A7 /* EvernoteSDK.h */,
				5EBB682016D045730088C9A7 /* EvernoteSDK.m */,
				5EBB682116D045730088C9A7 /* EvernoteSession.h */,
				5EBB682216D045730088C9A7 /* EvernoteSession.m */,
				5EBB682316D045730088C9A7 /* EvernoteUserStore+Extras.h */,
				5EBB682416D045730088C9A7 /* EvernoteUserStore+Extras.m */,
				5EBB682516D045730088C9A7 /* EvernoteUserStore.h */,
				5EBB682616D045730088C9A7 /* EvernoteUserStore.m */,
				5EBB682716D045730088C9A7 /* internal */,
				5EBB683316D045730088C9A7 /* Utilities */,
			);
			path = "evernote-sdk-ios";
			sourceTree = "<group>";
		};
		5EBB67E216D045720088C9A7 /* 3rdParty */ = {
			isa = PBXGroup;
			children = (
				5EBB67E316D045720088C9A7 /* cocoa-oauth */,
				5EBB67E916D045720088C9A7 /* NSString+URLEncoding */,
				5EBB67ED16D045720088C9A7 /* SSKeychain */,
				5EBB67F116D045720088C9A7 /* Thrift */,
			);
			path = 3rdParty;
			sourceTree = "<group>";
		};
		5EBB67E316D045720088C9A7 /* cocoa-oauth */ = {
			isa = PBXGroup;
			children = (
				5EBB67E416D045720088C9A7 /* ENGCOAuth.h */,
				5EBB67E516D045720088C9A7 /* ENGCOAuth.m */,
				5EBB67E616D045720088C9A7 /* LICENSE */,
				5EBB67E716D045720088C9A7 /* NSData+ENBase64.h */,
				5EBB67E816D045720088C9A7 /* NSData+ENBase64.m */,
			);
			path = "cocoa-oauth";
			sourceTree = "<group>";
		};
		5EBB67E916D045720088C9A7 /* NSString+URLEncoding */ = {
			isa = PBXGroup;
			children = (
				5EBB67EA16D045720088C9A7 /* LICENSE */,
				5EBB67EB16D045720088C9A7 /* NSString+URLEncoding.h */,
				5EBB67EC16D045720088C9A7 /* NSString+URLEncoding.m */,
			);
			path = "NSString+URLEncoding";
			sourceTree = "<group>";
		};
		5EBB67ED16D045720088C9A7 /* SSKeychain */ = {
			isa = PBXGroup;
			children = (
				5EBB67EE16D045720088C9A7 /* LICENSE */,
				5EBB67EF16D045720088C9A7 /* SSKeychain.h */,
				5EBB67F016D045720088C9A7 /* SSKeychain.m */,
			);
			path = SSKeychain;
			sourceTree = "<group>";
		};
		5EBB67F116D045720088C9A7 /* Thrift */ = {
			isa = PBXGroup;
			children = (
				5EBB67F216D045720088C9A7 /* LICENSE */,
				5EBB67F316D045720088C9A7 /* protocol */,
				5EBB67FC16D045720088C9A7 /* TApplicationException.h */,
				5EBB67FD16D045720088C9A7 /* TApplicationException.m */,
				5EBB67FE16D045720088C9A7 /* TException.h */,
				5EBB67FF16D045720088C9A7 /* TException.m */,
				5EBB680016D045720088C9A7 /* Thrift.h */,
				5EBB680116D045720088C9A7 /* TObjective-C.h */,
				5EBB680216D045730088C9A7 /* TProcessor.h */,
				5EBB680316D045730088C9A7 /* TProcessorFactory.h */,
				5EBB680416D045730088C9A7 /* transport */,
			);
			path = Thrift;
			sourceTree = "<group>";
		};
		5EBB67F316D045720088C9A7 /* protocol */ = {
			isa = PBXGroup;
			children = (
				5EBB67F416D045720088C9A7 /* TBinaryProtocol.h */,
				5EBB67F516D045720088C9A7 /* TBinaryProtocol.m */,
				5EBB67F616D045720088C9A7 /* TProtocol.h */,
				5EBB67F716D045720088C9A7 /* TProtocolException.h */,
				5EBB67F816D045720088C9A7 /* TProtocolException.m */,
				5EBB67F916D045720088C9A7 /* TProtocolFactory.h */,
				5EBB67FA16D045720088C9A7 /* TProtocolUtil.h */,
				5EBB67FB16D045720088C9A7 /* TProtocolUtil.m */,
			);
			path = protocol;
			sourceTree = "<group>";
		};
		5EBB680416D045730088C9A7 /* transport */ = {
			isa = PBXGroup;
			children = (
				5EBB680516D045730088C9A7 /* THTTPClient.h */,
				5EBB680616D045730088C9A7 /* THTTPClient.m */,
				5EBB680716D045730088C9A7 /* TMemoryBuffer.h */,
				5EBB680816D045730088C9A7 /* TMemoryBuffer.m */,
				5EBB680916D045730088C9A7 /* TTransport.h */,
				5EBB680A16D045730088C9A7 /* TTransportException.h */,
				5EBB680B16D045730088C9A7 /* TTransportException.m */,
			);
			path = transport;
			sourceTree = "<group>";
		};
		5EBB680C16D045730088C9A7 /* EDAM */ = {
			isa = PBXGroup;
			children = (
				5EBB680D16D045730088C9A7 /* EDAM.h */,
				5EBB680E16D045730088C9A7 /* EDAMErrors.h */,
				5EBB680F16D045730088C9A7 /* EDAMErrors.m */,
				5EBB681016D045730088C9A7 /* EDAMLimits.h */,
				5EBB681116D045730088C9A7 /* EDAMLimits.m */,
				5EBB681216D045730088C9A7 /* EDAMNoteStore.h */,
				5EBB681316D045730088C9A7 /* EDAMNoteStore.m */,
				5EBB681416D045730088C9A7 /* EDAMTypes.h */,
				5EBB681516D045730088C9A7 /* EDAMTypes.m */,
				5EBB681616D045730088C9A7 /* EDAMUserStore.h */,
				5EBB681716D045730088C9A7 /* EDAMUserStore.m */,
			);
			path = EDAM;
			sourceTree = "<group>";
		};
		5EBB682716D045730088C9A7 /* internal */ = {
			isa = PBXGroup;
			children = (
				5EBB682816D045730088C9A7 /* ENAPI.h */,
				5EBB682916D045730088C9A7 /* ENAPI.m */,
				5EBB682A16D045730088C9A7 /* ENCredentials.h */,
				5EBB682B16D045730088C9A7 /* ENCredentials.m */,
				5EBB682C16D045730088C9A7 /* ENCredentialStore.h */,
				5EBB682D16D045730088C9A7 /* ENCredentialStore.m */,
				5EBB682E16D045730088C9A7 /* ENOAuthViewController.h */,
				5EBB682F16D045730088C9A7 /* ENOAuthViewController.m */,
				5EBB683016D045730088C9A7 /* Resources */,
			);
			path = internal;
			sourceTree = "<group>";
		};
		5EBB683016D045730088C9A7 /* Resources */ = {
			isa = PBXGroup;
			children = (
				5EBB683116D045730088C9A7 /* Localizable.strings */,
			);
			path = Resources;
			sourceTree = "<group>";
		};
		5EBB683316D045730088C9A7 /* Utilities */ = {
			isa = PBXGroup;
			children = (
				5EBB683416D045730088C9A7 /* ENMLUtility.h */,
				5EBB683516D045730088C9A7 /* ENMLUtility.m */,
				5EBB683616D045730088C9A7 /* NSData+EvernoteSDK.h */,
				5EBB683716D045730088C9A7 /* NSData+EvernoteSDK.m */,
				5EBB683816D045730088C9A7 /* NSDate+EDAMAdditions.h */,
				5EBB683916D045730088C9A7 /* NSDate+EDAMAdditions.m */,
			);
			path = Utilities;
			sourceTree = "<group>";
		};
/* End PBXGroup section */

/* Begin PBXNativeTarget section */
		5EBB66E516D017260088C9A7 /* Totem */ = {
			isa = PBXNativeTarget;
			buildConfigurationList = 5EBB670916D017270088C9A7 /* Build configuration list for PBXNativeTarget "Totem" */;
			buildPhases = (
				5EBB66E216D017260088C9A7 /* Sources */,
				5EBB66E316D017260088C9A7 /* Frameworks */,
				5EBB66E416D017260088C9A7 /* Resources */,
			);
			buildRules = (
			);
			dependencies = (
			);
			name = Totem;
			productName = Totem;
			productReference = 5EBB66E616D017260088C9A7 /* Totem.app */;
			productType = "com.apple.product-type.application";
		};
/* End PBXNativeTarget section */

/* Begin PBXProject section */
		5EBB66DE16D017260088C9A7 /* Project object */ = {
			isa = PBXProject;
			attributes = {
				CLASSPREFIX = Totem;
				LastUpgradeCheck = 0460;
				ORGANIZATIONNAME = "Cal Poly Hackathon";
			};
			buildConfigurationList = 5EBB66E116D017260088C9A7 /* Build configuration list for PBXProject "Totem" */;
			compatibilityVersion = "Xcode 3.2";
			developmentRegion = English;
			hasScannedForEncodings = 0;
			knownRegions = (
				en,
			);
			mainGroup = 5EBB66DD16D017260088C9A7;
			productRefGroup = 5EBB66E716D017260088C9A7 /* Products */;
			projectDirPath = "";
			projectRoot = "";
			targets = (
				5EBB66E516D017260088C9A7 /* Totem */,
			);
		};
/* End PBXProject section */

/* Begin PBXResourcesBuildPhase section */
		5EBB66E416D017260088C9A7 /* Resources */ = {
			isa = PBXResourcesBuildPhase;
			buildActionMask = 2147483647;
			files = (
				5EBB66F416D017260088C9A7 /* InfoPlist.strings in Resources */,
				5EBB670316D017270088C9A7 /* MainStoryboard.storyboard in Resources */,
				5EBB683B16D045730088C9A7 /* LICENSE in Resources */,
				5EBB683D16D045730088C9A7 /* LICENSE in Resources */,
				5EBB683F16D045730088C9A7 /* LICENSE in Resources */,
				5EBB684116D045730088C9A7 /* LICENSE in Resources */,
				5EBB685A16D045730088C9A7 /* Localizable.strings in Resources */,
				03EDC13216D094570081C235 /* totemicon.png in Resources */,
				03EDC13416D094620081C235 /* Default.png in Resources */,
				03EDC13916D096F50081C235 /* Default-568h@2x.png in Resources */,
				03EDC13B16D098630081C235 /* Default@2x.png in Resources */,
				03EDC13F16D09BA40081C235 /* bg-568@2x.png in Resources */,
				03EDC14016D09BA40081C235 /* bg@2x.png in Resources */,
				03EDC14116D09BA40081C235 /* justhead.png in Resources */,
				03EDC14916D09F580081C235 /* bardark.png in Resources */,
				03EDC14A16D09F580081C235 /* barhandle.png in Resources */,
				03EDC14B16D09F580081C235 /* barlight.png in Resources */,
				03EDC14D16D0FBB00081C235 /* sleep-586@2x.png in Resources */,
				03EDC15016D0FDE20081C235 /* buttonsleepnotpressed.png in Resources */,
				03EDC15116D0FDE20081C235 /* buttonsleeppressed.png in Resources */,
				03EDC15416D0FE3A0081C235 /* buttonimawakenotpressed.png in Resources */,
				03EDC15516D0FE3A0081C235 /* buttonimawakepressed.png in Resources */,
				03EDC15C16D1001A0081C235 /* evernote.png in Resources */,
				03EDC15D16D1001A0081C235 /* flying.png in Resources */,
				03EDC15E16D1001A0081C235 /* rem2.png in Resources */,
				03EDC15F16D1001A0081C235 /* sleep.png in Resources */,
				03EDC16016D1001A0081C235 /* triggerlevel.png in Resources */,
				03EDC16116D1001A0081C235 /* wakeup.png in Resources */,
				03EDC16416D101A50081C235 /* buttoninstdonenotpressed.png in Resources */,
				03EDC16516D101A50081C235 /* buttoninstdonepressed.png in Resources */,
				03EDC16716D10DDE0081C235 /* howitworks.png in Resources */,
				03EDC16B16D11C600081C235 /* Non, Je Ne Regrette Rien.mp3 in Resources */,
				03EDC16D16D12A0F0081C235 /* totemlogo.png in Resources */,
			);
			runOnlyForDeploymentPostprocessing = 0;
		};
/* End PBXResourcesBuildPhase section */

/* Begin PBXSourcesBuildPhase section */
		5EBB66E216D017260088C9A7 /* Sources */ = {
			isa = PBXSourcesBuildPhase;
			buildActionMask = 2147483647;
			files = (
				5EBB66F616D017260088C9A7 /* main.m in Sources */,
				5EBB66FA16D017260088C9A7 /* TotemAppDelegate.m in Sources */,
				5EBB670616D017270088C9A7 /* TotemViewController.m in Sources */,
				5EBB670E16D018300088C9A7 /* SleepViewController.m in Sources */,
				5EBB671116D018B40088C9A7 /* DreamViewController.m in Sources */,
				5EBB671416D01CCD0088C9A7 /* InstructionViewController.m in Sources */,
				5EBB683A16D045730088C9A7 /* ENGCOAuth.m in Sources */,
				5EBB683C16D045730088C9A7 /* NSData+ENBase64.m in Sources */,
				5EBB683E16D045730088C9A7 /* NSString+URLEncoding.m in Sources */,
				5EBB684016D045730088C9A7 /* SSKeychain.m in Sources */,
				5EBB684216D045730088C9A7 /* TBinaryProtocol.m in Sources */,
				5EBB684316D045730088C9A7 /* TProtocolException.m in Sources */,
				5EBB684416D045730088C9A7 /* TProtocolUtil.m in Sources */,
				5EBB684516D045730088C9A7 /* TApplicationException.m in Sources */,
				5EBB684616D045730088C9A7 /* TException.m in Sources */,
				5EBB684716D045730088C9A7 /* THTTPClient.m in Sources */,
				5EBB684816D045730088C9A7 /* TMemoryBuffer.m in Sources */,
				5EBB684916D045730088C9A7 /* TTransportException.m in Sources */,
				5EBB684A16D045730088C9A7 /* EDAMErrors.m in Sources */,
				5EBB684B16D045730088C9A7 /* EDAMLimits.m in Sources */,
				5EBB684C16D045730088C9A7 /* EDAMNoteStore.m in Sources */,
				5EBB684D16D045730088C9A7 /* EDAMTypes.m in Sources */,
				5EBB684E16D045730088C9A7 /* EDAMUserStore.m in Sources */,
				5EBB684F16D045730088C9A7 /* ENConstants.m in Sources */,
				5EBB685016D045730088C9A7 /* EvernoteNoteStore+Extras.m in Sources */,
				5EBB685116D045730088C9A7 /* EvernoteNoteStore.m in Sources */,
				5EBB685216D045730088C9A7 /* EvernoteSDK.m in Sources */,
				5EBB685316D045730088C9A7 /* EvernoteSession.m in Sources */,
				5EBB685416D045730088C9A7 /* EvernoteUserStore+Extras.m in Sources */,
				5EBB685516D045730088C9A7 /* EvernoteUserStore.m in Sources */,
				5EBB685616D045730088C9A7 /* ENAPI.m in Sources */,
				5EBB685716D045730088C9A7 /* ENCredentials.m in Sources */,
				5EBB685816D045730088C9A7 /* ENCredentialStore.m in Sources */,
				5EBB685916D045730088C9A7 /* ENOAuthViewController.m in Sources */,
				5EBB685B16D045730088C9A7 /* ENMLUtility.m in Sources */,
				5EBB685C16D045730088C9A7 /* NSData+EvernoteSDK.m in Sources */,
				5EBB685D16D045730088C9A7 /* NSDate+EDAMAdditions.m in Sources */,
			);
			runOnlyForDeploymentPostprocessing = 0;
		};
/* End PBXSourcesBuildPhase section */

/* Begin PBXVariantGroup section */
		5EBB66F216D017260088C9A7 /* InfoPlist.strings */ = {
			isa = PBXVariantGroup;
			children = (
				5EBB66F316D017260088C9A7 /* en */,
			);
			name = InfoPlist.strings;
			sourceTree = "<group>";
		};
		5EBB670116D017270088C9A7 /* MainStoryboard.storyboard */ = {
			isa = PBXVariantGroup;
			children = (
				5EBB670216D017270088C9A7 /* en */,
			);
			name = MainStoryboard.storyboard;
			sourceTree = "<group>";
		};
		5EBB683116D045730088C9A7 /* Localizable.strings */ = {
			isa = PBXVariantGroup;
			children = (
				5EBB683216D045730088C9A7 /* en */,
			);
			name = Localizable.strings;
			sourceTree = "<group>";
		};
/* End PBXVariantGroup section */

/* Begin XCBuildConfiguration section */
		5EBB670716D017270088C9A7 /* Debug */ = {
			isa = XCBuildConfiguration;
			buildSettings = {
				ALWAYS_SEARCH_USER_PATHS = NO;
				CLANG_CXX_LANGUAGE_STANDARD = "gnu++0x";
				CLANG_CXX_LIBRARY = "libc++";
				CLANG_ENABLE_OBJC_ARC = YES;
				CLANG_WARN_CONSTANT_CONVERSION = YES;
				CLANG_WARN_EMPTY_BODY = YES;
				CLANG_WARN_ENUM_CONVERSION = YES;
				CLANG_WARN_INT_CONVERSION = YES;
				CLANG_WARN__DUPLICATE_METHOD_MATCH = YES;
				"CODE_SIGN_IDENTITY[sdk=iphoneos*]" = "iPhone Developer";
				COPY_PHASE_STRIP = NO;
				GCC_C_LANGUAGE_STANDARD = gnu99;
				GCC_DYNAMIC_NO_PIC = NO;
				GCC_OPTIMIZATION_LEVEL = 0;
				GCC_PREPROCESSOR_DEFINITIONS = (
					"DEBUG=1",
					"$(inherited)",
				);
				GCC_SYMBOLS_PRIVATE_EXTERN = NO;
				GCC_WARN_ABOUT_RETURN_TYPE = YES;
				GCC_WARN_UNINITIALIZED_AUTOS = YES;
				GCC_WARN_UNUSED_VARIABLE = YES;
				IPHONEOS_DEPLOYMENT_TARGET = 6.1;
				ONLY_ACTIVE_ARCH = YES;
				SDKROOT = iphoneos;
			};
			name = Debug;
		};
		5EBB670816D017270088C9A7 /* Release */ = {
			isa = XCBuildConfiguration;
			buildSettings = {
				ALWAYS_SEARCH_USER_PATHS = NO;
				CLANG_CXX_LANGUAGE_STANDARD = "gnu++0x";
				CLANG_CXX_LIBRARY = "libc++";
				CLANG_ENABLE_OBJC_ARC = YES;
				CLANG_WARN_CONSTANT_CONVERSION = YES;
				CLANG_WARN_EMPTY_BODY = YES;
				CLANG_WARN_ENUM_CONVERSION = YES;
				CLANG_WARN_INT_CONVERSION = YES;
				CLANG_WARN__DUPLICATE_METHOD_MATCH = YES;
				"CODE_SIGN_IDENTITY[sdk=iphoneos*]" = "iPhone Developer";
				COPY_PHASE_STRIP = YES;
				GCC_C_LANGUAGE_STANDARD = gnu99;
				GCC_WARN_ABOUT_RETURN_TYPE = YES;
				GCC_WARN_UNINITIALIZED_AUTOS = YES;
				GCC_WARN_UNUSED_VARIABLE = YES;
				IPHONEOS_DEPLOYMENT_TARGET = 6.1;
				OTHER_CFLAGS = "-DNS_BLOCK_ASSERTIONS=1";
				SDKROOT = iphoneos;
				VALIDATE_PRODUCT = YES;
			};
			name = Release;
		};
		5EBB670A16D017270088C9A7 /* Debug */ = {
			isa = XCBuildConfiguration;
			buildSettings = {
				GCC_PRECOMPILE_PREFIX_HEADER = YES;
				GCC_PREFIX_HEADER = "Totem/Totem-Prefix.pch";
				INFOPLIST_FILE = "Totem/Totem-Info.plist";
				LIBRARY_SEARCH_PATHS = (
					"$(inherited)",
					"\"$(SRCROOT)/Totem/External/evernote-sdk-ios-master/UnitTests/3rdParty/OCMock\"",
				);
				PRODUCT_NAME = "$(TARGET_NAME)";
				WRAPPER_EXTENSION = app;
			};
			name = Debug;
		};
		5EBB670B16D017270088C9A7 /* Release */ = {
			isa = XCBuildConfiguration;
			buildSettings = {
				GCC_PRECOMPILE_PREFIX_HEADER = YES;
				GCC_PREFIX_HEADER = "Totem/Totem-Prefix.pch";
				INFOPLIST_FILE = "Totem/Totem-Info.plist";
				LIBRARY_SEARCH_PATHS = (
					"$(inherited)",
					"\"$(SRCROOT)/Totem/External/evernote-sdk-ios-master/UnitTests/3rdParty/OCMock\"",
				);
				PRODUCT_NAME = "$(TARGET_NAME)";
				WRAPPER_EXTENSION = app;
			};
			name = Release;
		};
/* End XCBuildConfiguration section */

/* Begin XCConfigurationList section */
		5EBB66E116D017260088C9A7 /* Build configuration list for PBXProject "Totem" */ = {
			isa = XCConfigurationList;
			buildConfigurations = (
				5EBB670716D017270088C9A7 /* Debug */,
				5EBB670816D017270088C9A7 /* Release */,
			);
			defaultConfigurationIsVisible = 0;
			defaultConfigurationName = Release;
		};
		5EBB670916D017270088C9A7 /* Build configuration list for PBXNativeTarget "Totem" */ = {
			isa = XCConfigurationList;
			buildConfigurations = (
				5EBB670A16D017270088C9A7 /* Debug */,
				5EBB670B16D017270088C9A7 /* Release */,
			);
			defaultConfigurationIsVisible = 0;
			defaultConfigurationName = Release;
		};
/* End XCConfigurationList section */
	};
	rootObject = 5EBB66DE16D017260088C9A7 /* Project object */;
}
